
Microsoft Visual Studio Solution File, Format Version 12.00
# Visual Studio Version 16
VisualStudioVersion = 16.0.30907.101
MinimumVisualStudioVersion = 10.0.40219.1
Project("{D954291E-2A0B-460D-934E-DC6B0785DB48}") = "Eggceptions", "Eggceptions\Eggceptions.shproj", "{85893CEC-5726-43B8-922C-4F90CE24F0AC}"
EndProject
Global
	GlobalSection(SharedMSBuildProjectFiles) = preSolution
		Eggceptions\Eggceptions.projitems*{85893cec-5726-43b8-922c-4f90ce24f0ac}*SharedItemsImports = 13
	EndGlobalSection
	GlobalSection(SolutionProperties) = preSolution
		HideSolutionNode = FALSE
	EndGlobalSection
	GlobalSection(ExtensibilityGlobals) = postSolution
		SolutionGuid = {22D9AC60-E53F-45DE-96F5-D28001A02A6D}
	EndGlobalSection
EndGlobal
