
Microsoft Visual Studio Solution File, Format Version 12.00
# Visual Studio Version 16
VisualStudioVersion = 16.0.30907.101
MinimumVisualStudioVersion = 10.0.40219.1
Project("{FAE04EC0-301F-11D3-BF4B-00C04F79EFBC}") = "HorsingAround", "HorsingAround\HorsingAround.csproj", "{1D0E99EC-2F6C-449D-BB6D-5B34D12268B6}"
EndProject
Project("{D954291E-2A0B-460D-934E-DC6B0785DB48}") = "Eggceptions", "..\Eggceptions\Eggceptions\Eggceptions.shproj", "{85893CEC-5726-43B8-922C-4F90CE24F0AC}"
EndProject
Project("{D954291E-2A0B-460D-934E-DC6B0785DB48}") = "Eggstensions", "..\Eggstensions\Eggstensions\Eggstensions.shproj", "{587E27B6-0A48-4E55-BD50-682E14342F19}"
EndProject
Global
	GlobalSection(SharedMSBuildProjectFiles) = preSolution
		..\Eggceptions\Eggceptions\Eggceptions.projitems*{1d0e99ec-2f6c-449d-bb6d-5b34d12268b6}*SharedItemsImports = 4
		..\Eggstensions\Eggstensions\Eggstensions.projitems*{1d0e99ec-2f6c-449d-bb6d-5b34d12268b6}*SharedItemsImports = 4
		..\Eggstensions\Eggstensions\Eggstensions.projitems*{587e27b6-0a48-4e55-bd50-682e14342f19}*SharedItemsImports = 13
		..\Eggceptions\Eggceptions\Eggceptions.projitems*{85893cec-5726-43b8-922c-4f90ce24f0ac}*SharedItemsImports = 13
	EndGlobalSection
	GlobalSection(SolutionConfigurationPlatforms) = preSolution
		Debug|Any CPU = Debug|Any CPU
		Release|Any CPU = Release|Any CPU
	EndGlobalSection
	GlobalSection(ProjectConfigurationPlatforms) = postSolution
		{1D0E99EC-2F6C-449D-BB6D-5B34D12268B6}.Debug|Any CPU.ActiveCfg = Debug|Any CPU
		{1D0E99EC-2F6C-449D-BB6D-5B34D12268B6}.Debug|Any CPU.Build.0 = Debug|Any CPU
		{1D0E99EC-2F6C-449D-BB6D-5B34D12268B6}.Release|Any CPU.ActiveCfg = Release|Any CPU
		{1D0E99EC-2F6C-449D-BB6D-5B34D12268B6}.Release|Any CPU.Build.0 = Release|Any CPU
	EndGlobalSection
	GlobalSection(SolutionProperties) = preSolution
		HideSolutionNode = FALSE
	EndGlobalSection
	GlobalSection(ExtensibilityGlobals) = postSolution
		SolutionGuid = {EBE9EC27-2A15-43C9-8825-764229B030C9}
	EndGlobalSection
EndGlobal
