
Microsoft Visual Studio Solution File, Format Version 12.00
# Visual Studio Version 16
VisualStudioVersion = 16.0.31702.278
MinimumVisualStudioVersion = 10.0.40219.1
Project("{FAE04EC0-301F-11D3-BF4B-00C04F79EFBC}") = "ScrambledBugs", "ScrambledBugs\ScrambledBugs.csproj", "{F231D35C-6EA9-4616-B620-195E261543D2}"
EndProject
Project("{D954291E-2A0B-460D-934E-DC6B0785DB48}") = "Eggstensions", "..\Eggstensions\Eggstensions\Eggstensions.shproj", "{740EFF05-9743-47CE-B6EA-09584EAF1EDF}"
EndProject
Global
	GlobalSection(SharedMSBuildProjectFiles) = preSolution
		..\Eggstensions\Eggstensions\Eggstensions.projitems*{740eff05-9743-47ce-b6ea-09584eaf1edf}*SharedItemsImports = 13
		..\Eggstensions\Eggstensions\Eggstensions.projitems*{f231d35c-6ea9-4616-b620-195e261543d2}*SharedItemsImports = 5
	EndGlobalSection
	GlobalSection(SolutionConfigurationPlatforms) = preSolution
		Debug|Any CPU = Debug|Any CPU
		Release|Any CPU = Release|Any CPU
	EndGlobalSection
	GlobalSection(ProjectConfigurationPlatforms) = postSolution
		{F231D35C-6EA9-4616-B620-195E261543D2}.Debug|Any CPU.ActiveCfg = Debug|Any CPU
		{F231D35C-6EA9-4616-B620-195E261543D2}.Debug|Any CPU.Build.0 = Debug|Any CPU
		{F231D35C-6EA9-4616-B620-195E261543D2}.Release|Any CPU.ActiveCfg = Release|Any CPU
		{F231D35C-6EA9-4616-B620-195E261543D2}.Release|Any CPU.Build.0 = Release|Any CPU
	EndGlobalSection
	GlobalSection(SolutionProperties) = preSolution
		HideSolutionNode = FALSE
	EndGlobalSection
	GlobalSection(ExtensibilityGlobals) = postSolution
		SolutionGuid = {7F285C5C-AD26-4D4B-A277-96E250D1093F}
	EndGlobalSection
EndGlobal
